
Microsoft Visual Studio Solution File, Format Version 12.00
# Visual Studio Version 17
VisualStudioVersion = 17.5.33414.496
MinimumVisualStudioVersion = 10.0.40219.1
Project("{FAE04EC0-301F-11D3-BF4B-00C04F79EFBC}") = "Proyecto", "Proyecto\Proyecto.csproj", "{87ADD1A3-9F36-43A8-A1AD-3C491C843671}"
EndProject
Global
	GlobalSection(SolutionConfigurationPlatforms) = preSolution
		Debug|Any CPU = Debug|Any CPU
		Release|Any CPU = Release|Any CPU
	EndGlobalSection
	GlobalSection(ProjectConfigurationPlatforms) = postSolution
		{87ADD1A3-9F36-43A8-A1AD-3C491C843671}.Debug|Any CPU.ActiveCfg = Debug|Any CPU
		{87ADD1A3-9F36-43A8-A1AD-3C491C843671}.Debug|Any CPU.Build.0 = Debug|Any CPU
		{87ADD1A3-9F36-43A8-A1AD-3C491C843671}.Release|Any CPU.ActiveCfg = Release|Any CPU
		{87ADD1A3-9F36-43A8-A1AD-3C491C843671}.Release|Any CPU.Build.0 = Release|Any CPU
	EndGlobalSection
	GlobalSection(SolutionProperties) = preSolution
		HideSolutionNode = FALSE
	EndGlobalSection
	GlobalSection(ExtensibilityGlobals) = postSolution
		SolutionGuid = {F434AC94-ECEA-4622-B53E-4088F64F87F3}
	EndGlobalSection
EndGlobal
