
Microsoft Visual Studio Solution File, Format Version 12.00
# Visual Studio Version 17
VisualStudioVersion = 17.5.33414.496
MinimumVisualStudioVersion = 10.0.40219.1
Project("{FAE04EC0-301F-11D3-BF4B-00C04F79EFBC}") = "Logica", "Logica\Logica.csproj", "{41A983FE-873A-4FBE-A74E-717F70B02E54}"
EndProject
Project("{FAE04EC0-301F-11D3-BF4B-00C04F79EFBC}") = "Datos", "Datos\Datos.csproj", "{8DA3525A-D253-4C66-B922-85E7C139D9C7}"
EndProject
Project("{FAE04EC0-301F-11D3-BF4B-00C04F79EFBC}") = "Entidades", "Entidades\Entidades.csproj", "{05D702CC-92C6-49C5-A5B1-0BBB4734B4FF}"
EndProject
Project("{FAE04EC0-301F-11D3-BF4B-00C04F79EFBC}") = "Prueba", "Prueba\Prueba.csproj", "{CC72775D-A088-4DB5-AFBC-4CEDA0438F0C}"
EndProject
Project("{FAE04EC0-301F-11D3-BF4B-00C04F79EFBC}") = "Presentacion", "Presentacion\Presentacion.csproj", "{A47AF316-D013-4E65-98A3-AE381A1C103D}"
EndProject
Global
	GlobalSection(SolutionConfigurationPlatforms) = preSolution
		Debug|Any CPU = Debug|Any CPU
		Release|Any CPU = Release|Any CPU
	EndGlobalSection
	GlobalSection(ProjectConfigurationPlatforms) = postSolution
		{41A983FE-873A-4FBE-A74E-717F70B02E54}.Debug|Any CPU.ActiveCfg = Debug|Any CPU
		{41A983FE-873A-4FBE-A74E-717F70B02E54}.Debug|Any CPU.Build.0 = Debug|Any CPU
		{41A983FE-873A-4FBE-A74E-717F70B02E54}.Release|Any CPU.ActiveCfg = Release|Any CPU
		{41A983FE-873A-4FBE-A74E-717F70B02E54}.Release|Any CPU.Build.0 = Release|Any CPU
		{8DA3525A-D253-4C66-B922-85E7C139D9C7}.Debug|Any CPU.ActiveCfg = Debug|Any CPU
		{8DA3525A-D253-4C66-B922-85E7C139D9C7}.Debug|Any CPU.Build.0 = Debug|Any CPU
		{8DA3525A-D253-4C66-B922-85E7C139D9C7}.Release|Any CPU.ActiveCfg = Release|Any CPU
		{8DA3525A-D253-4C66-B922-85E7C139D9C7}.Release|Any CPU.Build.0 = Release|Any CPU
		{05D702CC-92C6-49C5-A5B1-0BBB4734B4FF}.Debug|Any CPU.ActiveCfg = Debug|Any CPU
		{05D702CC-92C6-49C5-A5B1-0BBB4734B4FF}.Debug|Any CPU.Build.0 = Debug|Any CPU
		{05D702CC-92C6-49C5-A5B1-0BBB4734B4FF}.Release|Any CPU.ActiveCfg = Release|Any CPU
		{05D702CC-92C6-49C5-A5B1-0BBB4734B4FF}.Release|Any CPU.Build.0 = Release|Any CPU
		{CC72775D-A088-4DB5-AFBC-4CEDA0438F0C}.Debug|Any CPU.ActiveCfg = Debug|Any CPU
		{CC72775D-A088-4DB5-AFBC-4CEDA0438F0C}.Debug|Any CPU.Build.0 = Debug|Any CPU
		{CC72775D-A088-4DB5-AFBC-4CEDA0438F0C}.Release|Any CPU.ActiveCfg = Release|Any CPU
		{CC72775D-A088-4DB5-AFBC-4CEDA0438F0C}.Release|Any CPU.Build.0 = Release|Any CPU
		{A47AF316-D013-4E65-98A3-AE381A1C103D}.Debug|Any CPU.ActiveCfg = Debug|Any CPU
		{A47AF316-D013-4E65-98A3-AE381A1C103D}.Debug|Any CPU.Build.0 = Debug|Any CPU
		{A47AF316-D013-4E65-98A3-AE381A1C103D}.Release|Any CPU.ActiveCfg = Release|Any CPU
		{A47AF316-D013-4E65-98A3-AE381A1C103D}.Release|Any CPU.Build.0 = Release|Any CPU
	EndGlobalSection
	GlobalSection(SolutionProperties) = preSolution
		HideSolutionNode = FALSE
	EndGlobalSection
	GlobalSection(ExtensibilityGlobals) = postSolution
		SolutionGuid = {F434AC94-ECEA-4622-B53E-4088F64F87F3}
	EndGlobalSection
EndGlobal
